
Microsoft Visual Studio Solution File, Format Version 12.00
# Visual Studio Version 17
VisualStudioVersion = 17.13.35931.197 d17.13
MinimumVisualStudioVersion = 10.0.40219.1
Project("{FAE04EC0-301F-11D3-BF4B-00C04F79EFBC}") = "Online Quiz App", "Online Quiz App\Online Quiz App.csproj", "{39B161BE-F4F7-41B2-96DB-CA3CA9BF60E6}"
EndProject
Global
	GlobalSection(SolutionConfigurationPlatforms) = preSolution
		Debug|Any CPU = Debug|Any CPU
		Release|Any CPU = Release|Any CPU
	EndGlobalSection
	GlobalSection(ProjectConfigurationPlatforms) = postSolution
		{39B161BE-F4F7-41B2-96DB-CA3CA9BF60E6}.Debug|Any CPU.ActiveCfg = Debug|Any CPU
		{39B161BE-F4F7-41B2-96DB-CA3CA9BF60E6}.Debug|Any CPU.Build.0 = Debug|Any CPU
		{39B161BE-F4F7-41B2-96DB-CA3CA9BF60E6}.Release|Any CPU.ActiveCfg = Release|Any CPU
		{39B161BE-F4F7-41B2-96DB-CA3CA9BF60E6}.Release|Any CPU.Build.0 = Release|Any CPU
	EndGlobalSection
	GlobalSection(SolutionProperties) = preSolution
		HideSolutionNode = FALSE
	EndGlobalSection
	GlobalSection(ExtensibilityGlobals) = postSolution
		SolutionGuid = {218B4289-FAC3-4C8E-BF60-4405EE7C9DDE}
	EndGlobalSection
EndGlobal
